// !$*UTF8*$!
{
	archiveVersion = 1;
	classes = {
	};
	objectVersion = 56;
	objects = {

/* Begin PBXBuildFile section */
		36F72E212AD8399800841068 /* AppDelegate.swift in Sources */ = {isa = PBXBuildFile; fileRef = 36F72E202AD8399800841068 /* AppDelegate.swift */; };
		36F72E232AD8399800841068 /* SceneDelegate.swift in Sources */ = {isa = PBXBuildFile; fileRef = 36F72E222AD8399800841068 /* SceneDelegate.swift */; };
		36F72E252AD8399800841068 /* ViewController.swift in Sources */ = {isa = PBXBuildFile; fileRef = 36F72E242AD8399800841068 /* ViewController.swift */; };
		36F72E282AD8399800841068 /* Main.storyboard in Resources */ = {isa = PBXBuildFile; fileRef = 36F72E262AD8399800841068 /* Main.storyboard */; };
		36F72E2A2AD8399F00841068 /* Assets.xcassets in Resources */ = {isa = PBXBuildFile; fileRef = 36F72E292AD8399F00841068 /* Assets.xcassets */; };
		36F72E2D2AD8399F00841068 /* LaunchScreen.storyboard in Resources */ = {isa = PBXBuildFile; fileRef = 36F72E2B2AD8399F00841068 /* LaunchScreen.storyboard */; };
		36F72E382AD8399F00841068 /* diceTests.swift in Sources */ = {isa = PBXBuildFile; fileRef = 36F72E372AD8399F00841068 /* diceTests.swift */; };
		36F72E422AD8399F00841068 /* diceUITests.swift in Sources */ = {isa = PBXBuildFile; fileRef = 36F72E412AD8399F00841068 /* diceUITests.swift */; };
		36F72E442AD8399F00841068 /* diceUITestsLaunchTests.swift in Sources */ = {isa = PBXBuildFile; fileRef = 36F72E432AD8399F00841068 /* diceUITestsLaunchTests.swift */; };
/* End PBXBuildFile section */

/* Begin PBXContainerItemProxy section */
		36F72E342AD8399F00841068 /* PBXContainerItemProxy */ = {
			isa = PBXContainerItemProxy;
			containerPortal = 36F72E152AD8399800841068 /* Project object */;
			proxyType = 1;
			remoteGlobalIDString = 36F72E1C2AD8399800841068;
			remoteInfo = dice;
		};
		36F72E3E2AD8399F00841068 /* PBXContainerItemProxy */ = {
			isa = PBXContainerItemProxy;
			containerPortal = 36F72E152AD8399800841068 /* Project object */;
			proxyType = 1;
			remoteGlobalIDString = 36F72E1C2AD8399800841068;
			remoteInfo = dice;
		};
/* End PBXContainerItemProxy section */

/* Begin PBXFileReference section */
		36F72E1D2AD8399800841068 /* dice.app */ = {isa = PBXFileReference; explicitFileType = wrapper.application; includeInIndex = 0; path = dice.app; sourceTree = BUILT_PRODUCTS_DIR; };
		36F72E202AD8399800841068 /* AppDelegate.swift */ = {isa = PBXFileReference; lastKnownFileType = sourcecode.swift; path = AppDelegate.swift; sourceTree = "<group>"; };
		36F72E222AD8399800841068 /* SceneDelegate.swift */ = {isa = PBXFileReference; lastKnownFileType = sourcecode.swift; path = SceneDelegate.swift; sourceTree = "<group>"; };
		36F72E242AD8399800841068 /* ViewController.swift */ = {isa = PBXFileReference; lastKnownFileType = sourcecode.swift; path = ViewController.swift; sourceTree = "<group>"; };
		36F72E272AD8399800841068 /* Base */ = {isa = PBXFileReference; lastKnownFileType = file.storyboard; name = Base; path = Base.lproj/Main.storyboard; sourceTree = "<group>"; };
		36F72E292AD8399F00841068 /* Assets.xcassets */ = {isa = PBXFileReference; lastKnownFileType = folder.assetcatalog; path = Assets.xcassets; sourceTree = "<group>"; };
		36F72E2C2AD8399F00841068 /* Base */ = {isa = PBXFileReference; lastKnownFileType = file.storyboard; name = Base; path = Base.lproj/LaunchScreen.storyboard; sourceTree = "<group>"; };
		36F72E2E2AD8399F00841068 /* Info.plist */ = {isa = PBXFileReference; lastKnownFileType = text.plist.xml; path = Info.plist; sourceTree = "<group>"; };
		36F72E332AD8399F00841068 /* diceTests.xctest */ = {isa = PBXFileReference; explicitFileType = wrapper.cfbundle; includeInIndex = 0; path = diceTests.xctest; sourceTree = BUILT_PRODUCTS_DIR; };
		36F72E372AD8399F00841068 /* diceTests.swift */ = {isa = PBXFileReference; lastKnownFileType = sourcecode.swift; path = diceTests.swift; sourceTree = "<group>"; };
		36F72E3D2AD8399F00841068 /* diceUITests.xctest */ = {isa = PBXFileReference; explicitFileType = wrapper.cfbundle; includeInIndex = 0; path = diceUITests.xctest; sourceTree = BUILT_PRODUCTS_DIR; };
		36F72E412AD8399F00841068 /* diceUITests.swift */ = {isa = PBXFileReference; lastKnownFileType = sourcecode.swift; path = diceUITests.swift; sourceTree = "<group>"; };
		36F72E432AD8399F00841068 /* diceUITestsLaunchTests.swift */ = {isa = PBXFileReference; lastKnownFileType = sourcecode.swift; path = diceUITestsLaunchTests.swift; sourceTree = "<group>"; };
/* End PBXFileReference section */

/* Begin PBXFrameworksBuildPhase section */
		36F72E1A2AD8399800841068 /* Frameworks */ = {
			isa = PBXFrameworksBuildPhase;
			buildActionMask = 2147483647;
			files = (
			);
			runOnlyForDeploymentPostprocessing = 0;
		};
		36F72E302AD8399F00841068 /* Frameworks */ = {
			isa = PBXFrameworksBuildPhase;
			buildActionMask = 2147483647;
			files = (
			);
			runOnlyForDeploymentPostprocessing = 0;
		};
		36F72E3A2AD8399F00841068 /* Frameworks */ = {
			isa = PBXFrameworksBuildPhase;
			buildActionMask = 2147483647;
			files = (
			);
			runOnlyForDeploymentPostprocessing = 0;
		};
/* End PBXFrameworksBuildPhase section */

/* Begin PBXGroup section */
		36F72E142AD8399800841068 = {
			isa = PBXGroup;
			children = (
				36F72E1F2AD8399800841068 /* dice */,
				36F72E362AD8399F00841068 /* diceTests */,
				36F72E402AD8399F00841068 /* diceUITests */,
				36F72E1E2AD8399800841068 /* Products */,
			);
			sourceTree = "<group>";
		};
		36F72E1E2AD8399800841068 /* Products */ = {
			isa = PBXGroup;
			children = (
				36F72E1D2AD8399800841068 /* dice.app */,
				36F72E332AD8399F00841068 /* diceTests.xctest */,
				36F72E3D2AD8399F00841068 /* diceUITests.xctest */,
			);
			name = Products;
			sourceTree = "<group>";
		};
		36F72E1F2AD8399800841068 /* dice */ = {
			isa = PBXGroup;
			children = (
				36F72E202AD8399800841068 /* AppDelegate.swift */,
				36F72E222AD8399800841068 /* SceneDelegate.swift */,
				36F72E242AD8399800841068 /* ViewController.swift */,
				36F72E262AD8399800841068 /* Main.storyboard */,
				36F72E292AD8399F00841068 /* Assets.xcassets */,
				36F72E2B2AD8399F00841068 /* LaunchScreen.storyboard */,
				36F72E2E2AD8399F00841068 /* Info.plist */,
			);
			path = dice;
			sourceTree = "<group>";
		};
		36F72E362AD8399F00841068 /* diceTests */ = {
			isa = PBXGroup;
			children = (
				36F72E372AD8399F00841068 /* diceTests.swift */,
			);
			path = diceTests;
			sourceTree = "<group>";
		};
		36F72E402AD8399F00841068 /* diceUITests */ = {
			isa = PBXGroup;
			children = (
				36F72E412AD8399F00841068 /* diceUITests.swift */,
				36F72E432AD8399F00841068 /* diceUITestsLaunchTests.swift */,
			);
			path = diceUITests;
			sourceTree = "<group>";
		};
/* End PBXGroup section */

/* Begin PBXNativeTarget section */
		36F72E1C2AD8399800841068 /* dice */ = {
			isa = PBXNativeTarget;
			buildConfigurationList = 36F72E472AD8399F00841068 /* Build configuration list for PBXNativeTarget "dice" */;
			buildPhases = (
				36F72E192AD8399800841068 /* Sources */,
				36F72E1A2AD8399800841068 /* Frameworks */,
				36F72E1B2AD8399800841068 /* Resources */,
			);
			buildRules = (
			);
			dependencies = (
			);
			name = dice;
			productName = dice;
			productReference = 36F72E1D2AD8399800841068 /* dice.app */;
			productType = "com.apple.product-type.application";
		};
		36F72E322AD8399F00841068 /* diceTests */ = {
			isa = PBXNativeTarget;
			buildConfigurationList = 36F72E4A2AD8399F00841068 /* Build configuration list for PBXNativeTarget "diceTests" */;
			buildPhases = (
				36F72E2F2AD8399F00841068 /* Sources */,
				36F72E302AD8399F00841068 /* Frameworks */,
				36F72E312AD8399F00841068 /* Resources */,
			);
			buildRules = (
			);
			dependencies = (
				36F72E352AD8399F00841068 /* PBXTargetDependency */,
			);
			name = diceTests;
			productName = diceTests;
			productReference = 36F72E332AD8399F00841068 /* diceTests.xctest */;
			productType = "com.apple.product-type.bundle.unit-test";
		};
		36F72E3C2AD8399F00841068 /* diceUITests */ = {
			isa = PBXNativeTarget;
			buildConfigurationList = 36F72E4D2AD8399F00841068 /* Build configuration list for PBXNativeTarget "diceUITests" */;
			buildPhases = (
				36F72E392AD8399F00841068 /* Sources */,
				36F72E3A2AD8399F00841068 /* Frameworks */,
				36F72E3B2AD8399F00841068 /* Resources */,
			);
			buildRules = (
			);
			dependencies = (
				36F72E3F2AD8399F00841068 /* PBXTargetDependency */,
			);
			name = diceUITests;
			productName = diceUITests;
			productReference = 36F72E3D2AD8399F00841068 /* diceUITests.xctest */;
			productType = "com.apple.product-type.bundle.ui-testing";
		};
/* End PBXNativeTarget section */

/* Begin PBXProject section */
		36F72E152AD8399800841068 /* Project object */ = {
			isa = PBXProject;
			attributes = {
				BuildIndependentTargetsInParallel = 1;
				LastSwiftUpdateCheck = 1500;
				LastUpgradeCheck = 1500;
				TargetAttributes = {
					36F72E1C2AD8399800841068 = {
						CreatedOnToolsVersion = 15.0;
					};
					36F72E322AD8399F00841068 = {
						CreatedOnToolsVersion = 15.0;
						TestTargetID = 36F72E1C2AD8399800841068;
					};
					36F72E3C2AD8399F00841068 = {
						CreatedOnToolsVersion = 15.0;
						TestTargetID = 36F72E1C2AD8399800841068;
					};
				};
			};
			buildConfigurationList = 36F72E182AD8399800841068 /* Build configuration list for PBXProject "dice" */;
			compatibilityVersion = "Xcode 14.0";
			developmentRegion = en;
			hasScannedForEncodings = 0;
			knownRegions = (
				en,
				Base,
			);
			mainGroup = 36F72E142AD8399800841068;
			productRefGroup = 36F72E1E2AD8399800841068 /* Products */;
			projectDirPath = "";
			projectRoot = "";
			targets = (
				36F72E1C2AD8399800841068 /* dice */,
				36F72E322AD8399F00841068 /* diceTests */,
				36F72E3C2AD8399F00841068 /* diceUITests */,
			);
		};
/* End PBXProject section */

/* Begin PBXResourcesBuildPhase section */
		36F72E1B2AD8399800841068 /* Resources */ = {
			isa = PBXResourcesBuildPhase;
			buildActionMask = 2147483647;
			files = (
				36F72E2D2AD8399F00841068 /* LaunchScreen.storyboard in Resources */,
				36F72E2A2AD8399F00841068 /* Assets.xcassets in Resources */,
				36F72E282AD8399800841068 /* Main.storyboard in Resources */,
			);
			runOnlyForDeploymentPostprocessing = 0;
		};
		36F72E312AD8399F00841068 /* Resources */ = {
			isa = PBXResourcesBuildPhase;
			buildActionMask = 2147483647;
			files = (
			);
			runOnlyForDeploymentPostprocessing = 0;
		};
		36F72E3B2AD8399F00841068 /* Resources */ = {
			isa = PBXResourcesBuildPhase;
			buildActionMask = 2147483647;
			files = (
			);
			runOnlyForDeploymentPostprocessing = 0;
		};
/* End PBXResourcesBuildPhase section */

/* Begin PBXSourcesBuildPhase section */
		36F72E192AD8399800841068 /* Sources */ = {
			isa = PBXSourcesBuildPhase;
			buildActionMask = 2147483647;
			files = (
				36F72E252AD8399800841068 /* ViewController.swift in Sources */,
				36F72E212AD8399800841068 /* AppDelegate.swift in Sources */,
				36F72E232AD8399800841068 /* SceneDelegate.swift in Sources */,
			);
			runOnlyForDeploymentPostprocessing = 0;
		};
		36F72E2F2AD8399F00841068 /* Sources */ = {
			isa = PBXSourcesBuildPhase;
			buildActionMask = 2147483647;
			files = (
				36F72E382AD8399F00841068 /* diceTests.swift in Sources */,
			);
			runOnlyForDeploymentPostprocessing = 0;
		};
		36F72E392AD8399F00841068 /* Sources */ = {
			isa = PBXSourcesBuildPhase;
			buildActionMask = 2147483647;
			files = (
				36F72E422AD8399F00841068 /* diceUITests.swift in Sources */,
				36F72E442AD8399F00841068 /* diceUITestsLaunchTests.swift in Sources */,
			);
			runOnlyForDeploymentPostprocessing = 0;
		};
/* End PBXSourcesBuildPhase section */

/* Begin PBXTargetDependency section */
		36F72E352AD8399F00841068 /* PBXTargetDependency */ = {
			isa = PBXTargetDependency;
			target = 36F72E1C2AD8399800841068 /* dice */;
			targetProxy = 36F72E342AD8399F00841068 /* PBXContainerItemProxy */;
		};
		36F72E3F2AD8399F00841068 /* PBXTargetDependency */ = {
			isa = PBXTargetDependency;
			target = 36F72E1C2AD8399800841068 /* dice */;
			targetProxy = 36F72E3E2AD8399F00841068 /* PBXContainerItemProxy */;
		};
/* End PBXTargetDependency section */

/* Begin PBXVariantGroup section */
		36F72E262AD8399800841068 /* Main.storyboard */ = {
			isa = PBXVariantGroup;
			children = (
				36F72E272AD8399800841068 /* Base */,
			);
			name = Main.storyboard;
			sourceTree = "<group>";
		};
		36F72E2B2AD8399F00841068 /* LaunchScreen.storyboard */ = {
			isa = PBXVariantGroup;
			children = (
				36F72E2C2AD8399F00841068 /* Base */,
			);
			name = LaunchScreen.storyboard;
			sourceTree = "<group>";
		};
/* End PBXVariantGroup section */

/* Begin XCBuildConfiguration section */
		36F72E452AD8399F00841068 /* Debug */ = {
			isa = XCBuildConfiguration;
			buildSettings = {
				ALWAYS_SEARCH_USER_PATHS = NO;
				ASSETCATALOG_COMPILER_GENERATE_SWIFT_ASSET_SYMBOL_EXTENSIONS = YES;
				CLANG_ANALYZER_NONNULL = YES;
				CLANG_ANALYZER_NUMBER_OBJECT_CONVERSION = YES_AGGRESSIVE;
				CLANG_CXX_LANGUAGE_STANDARD = "gnu++20";
				CLANG_ENABLE_MODULES = YES;
				CLANG_ENABLE_OBJC_ARC = YES;
				CLANG_ENABLE_OBJC_WEAK = YES;
				CLANG_WARN_BLOCK_CAPTURE_AUTORELEASING = YES;
				CLANG_WARN_BOOL_CONVERSION = YES;
				CLANG_WARN_COMMA = YES;
				CLANG_WARN_CONSTANT_CONVERSION = YES;
				CLANG_WARN_DEPRECATED_OBJC_IMPLEMENTATIONS = YES;
				CLANG_WARN_DIRECT_OBJC_ISA_USAGE = YES_ERROR;
				CLANG_WARN_DOCUMENTATION_COMMENTS = YES;
				CLANG_WARN_EMPTY_BODY = YES;
				CLANG_WARN_ENUM_CONVERSION = YES;
				CLANG_WARN_INFINITE_RECURSION = YES;
				CLANG_WARN_INT_CONVERSION = YES;
				CLANG_WARN_NON_LITERAL_NULL_CONVERSION = YES;
				CLANG_WARN_OBJC_IMPLICIT_RETAIN_SELF = YES;
				CLANG_WARN_OBJC_LITERAL_CONVERSION = YES;
				CLANG_WARN_OBJC_ROOT_CLASS = YES_ERROR;
				CLANG_WARN_QUOTED_INCLUDE_IN_FRAMEWORK_HEADER = YES;
				CLANG_WARN_RANGE_LOOP_ANALYSIS = YES;
				CLANG_WARN_STRICT_PROTOTYPES = YES;
				CLANG_WARN_SUSPICIOUS_MOVE = YES;
				CLANG_WARN_UNGUARDED_AVAILABILITY = YES_AGGRESSIVE;
				CLANG_WARN_UNREACHABLE_CODE = YES;
				CLANG_WARN__DUPLICATE_METHOD_MATCH = YES;
				COPY_PHASE_STRIP = NO;
				DEBUG_INFORMATION_FORMAT = dwarf;
				ENABLE_STRICT_OBJC_MSGSEND = YES;
				ENABLE_TESTABILITY = YES;
				ENABLE_USER_SCRIPT_SANDBOXING = YES;
				GCC_C_LANGUAGE_STANDARD = gnu17;
				GCC_DYNAMIC_NO_PIC = NO;
				GCC_NO_COMMON_BLOCKS = YES;
				GCC_OPTIMIZATION_LEVEL = 0;
				GCC_PREPROCESSOR_DEFINITIONS = (
					"DEBUG=1",
					"$(inherited)",
				);
				GCC_WARN_64_TO_32_BIT_CONVERSION = YES;
				GCC_WARN_ABOUT_RETURN_TYPE = YES_ERROR;
				GCC_WARN_UNDECLARED_SELECTOR = YES;
				GCC_WARN_UNINITIALIZED_AUTOS = YES_AGGRESSIVE;
				GCC_WARN_UNUSED_FUNCTION = YES;
				GCC_WARN_UNUSED_VARIABLE = YES;
				IPHONEOS_DEPLOYMENT_TARGET = 17.0;
				LOCALIZATION_PREFERS_STRING_CATALOGS = YES;
				MTL_ENABLE_DEBUG_INFO = INCLUDE_SOURCE;
				MTL_FAST_MATH = YES;
				ONLY_ACTIVE_ARCH = YES;
				SDKROOT = iphoneos;
				SWIFT_ACTIVE_COMPILATION_CONDITIONS = "DEBUG $(inherited)";
				SWIFT_OPTIMIZATION_LEVEL = "-Onone";
			};
			name = Debug;
		};
		36F72E462AD8399F00841068 /* Release */ = {
			isa = XCBuildConfiguration;
			buildSettings = {
				ALWAYS_SEARCH_USER_PATHS = NO;
				ASSETCATALOG_COMPILER_GENERATE_SWIFT_ASSET_SYMBOL_EXTENSIONS = YES;
				CLANG_ANALYZER_NONNULL = YES;
				CLANG_ANALYZER_NUMBER_OBJECT_CONVERSION = YES_AGGRESSIVE;
				CLANG_CXX_LANGUAGE_STANDARD = "gnu++20";
				CLANG_ENABLE_MODULES = YES;
				CLANG_ENABLE_OBJC_ARC = YES;
				CLANG_ENABLE_OBJC_WEAK = YES;
				CLANG_WARN_BLOCK_CAPTURE_AUTORELEASING = YES;
				CLANG_WARN_BOOL_CONVERSION = YES;
				CLANG_WARN_COMMA = YES;
				CLANG_WARN_CONSTANT_CONVERSION = YES;
				CLANG_WARN_DEPRECATED_OBJC_IMPLEMENTATIONS = YES;
				CLANG_WARN_DIRECT_OBJC_ISA_USAGE = YES_ERROR;
				CLANG_WARN_DOCUMENTATION_COMMENTS = YES;
				CLANG_WARN_EMPTY_BODY = YES;
				CLANG_WARN_ENUM_CONVERSION = YES;
				CLANG_WARN_INFINITE_RECURSION = YES;
				CLANG_WARN_INT_CONVERSION = YES;
				CLANG_WARN_NON_LITERAL_NULL_CONVERSION = YES;
				CLANG_WARN_OBJC_IMPLICIT_RETAIN_SELF = YES;
				CLANG_WARN_OBJC_LITERAL_CONVERSION = YES;
				CLANG_WARN_OBJC_ROOT_CLASS = YES_ERROR;
				CLANG_WARN_QUOTED_INCLUDE_IN_FRAMEWORK_HEADER = YES;
				CLANG_WARN_RANGE_LOOP_ANALYSIS = YES;
				CLANG_WARN_STRICT_PROTOTYPES = YES;
				CLANG_WARN_SUSPICIOUS_MOVE = YES;
				CLANG_WARN_UNGUARDED_AVAILABILITY = YES_AGGRESSIVE;
				CLANG_WARN_UNREACHABLE_CODE = YES;
				CLANG_WARN__DUPLICATE_METHOD_MATCH = YES;
				COPY_PHASE_STRIP = NO;
				DEBUG_INFORMATION_FORMAT = "dwarf-with-dsym";
				ENABLE_NS_ASSERTIONS = NO;
				ENABLE_STRICT_OBJC_MSGSEND = YES;
				ENABLE_USER_SCRIPT_SANDBOXING = YES;
				GCC_C_LANGUAGE_STANDARD = gnu17;
				GCC_NO_COMMON_BLOCKS = YES;
				GCC_WARN_64_TO_32_BIT_CONVERSION = YES;
				GCC_WARN_ABOUT_RETURN_TYPE = YES_ERROR;
				GCC_WARN_UNDECLARED_SELECTOR = YES;
				GCC_WARN_UNINITIALIZED_AUTOS = YES_AGGRESSIVE;
				GCC_WARN_UNUSED_FUNCTION = YES;
				GCC_WARN_UNUSED_VARIABLE = YES;
				IPHONEOS_DEPLOYMENT_TARGET = 17.0;
				LOCALIZATION_PREFERS_STRING_CATALOGS = YES;
				MTL_ENABLE_DEBUG_INFO = NO;
				MTL_FAST_MATH = YES;
				SDKROOT = iphoneos;
				SWIFT_COMPILATION_MODE = wholemodule;
				VALIDATE_PRODUCT = YES;
			};
			name = Release;
		};
		36F72E482AD8399F00841068 /* Debug */ = {
			isa = XCBuildConfiguration;
			buildSettings = {
				ASSETCATALOG_COMPILER_APPICON_NAME = AppIcon;
				ASSETCATALOG_COMPILER_GLOBAL_ACCENT_COLOR_NAME = AccentColor;
				CODE_SIGN_STYLE = Automatic;
				CURRENT_PROJECT_VERSION = 1;
				GENERATE_INFOPLIST_FILE = YES;
				INFOPLIST_FILE = dice/Info.plist;
				INFOPLIST_KEY_UIApplicationSupportsIndirectInputEvents = YES;
				INFOPLIST_KEY_UILaunchStoryboardName = LaunchScreen;
				INFOPLIST_KEY_UIMainStoryboardFile = Main;
				INFOPLIST_KEY_UISupportedInterfaceOrientations_iPad = "UIInterfaceOrientationPortrait UIInterfaceOrientationPortraitUpsideDown UIInterfaceOrientationLandscapeLeft UIInterfaceOrientationLandscapeRight";
				INFOPLIST_KEY_UISupportedInterfaceOrientations_iPhone = "UIInterfaceOrientationPortrait UIInterfaceOrientationLandscapeLeft UIInterfaceOrientationLandscapeRight";
				LD_RUNPATH_SEARCH_PATHS = (
					"$(inherited)",
					"@executable_path/Frameworks",
				);
				MARKETING_VERSION = 1.0;
				PRODUCT_BUNDLE_IDENTIFIER = com.selsabil.dice;
				PRODUCT_NAME = "$(TARGET_NAME)";
				SWIFT_EMIT_LOC_STRINGS = YES;
				SWIFT_VERSION = 5.0;
				TARGETED_DEVICE_FAMILY = "1,2";
			};
			name = Debug;
		};
		36F72E492AD8399F00841068 /* Release */ = {
			isa = XCBuildConfiguration;
			buildSettings = {
				ASSETCATALOG_COMPILER_APPICON_NAME = AppIcon;
				ASSETCATALOG_COMPILER_GLOBAL_ACCENT_COLOR_NAME = AccentColor;
				CODE_SIGN_STYLE = Automatic;
				CURRENT_PROJECT_VERSION = 1;
				GENERATE_INFOPLIST_FILE = YES;
				INFOPLIST_FILE = dice/Info.plist;
				INFOPLIST_KEY_UIApplicationSupportsIndirectInputEvents = YES;
				INFOPLIST_KEY_UILaunchStoryboardName = LaunchScreen;
				INFOPLIST_KEY_UIMainStoryboardFile = Main;
				INFOPLIST_KEY_UISupportedInterfaceOrientations_iPad = "UIInterfaceOrientationPortrait UIInterfaceOrientationPortraitUpsideDown UIInterfaceOrientationLandscapeLeft UIInterfaceOrientationLandscapeRight";
				INFOPLIST_KEY_UISupportedInterfaceOrientations_iPhone = "UIInterfaceOrientationPortrait UIInterfaceOrientationLandscapeLeft UIInterfaceOrientationLandscapeRight";
				LD_RUNPATH_SEARCH_PATHS = (
					"$(inherited)",
					"@executable_path/Frameworks",
				);
				MARKETING_VERSION = 1.0;
				PRODUCT_BUNDLE_IDENTIFIER = com.selsabil.dice;
				PRODUCT_NAME = "$(TARGET_NAME)";
				SWIFT_EMIT_LOC_STRINGS = YES;
				SWIFT_VERSION = 5.0;
				TARGETED_DEVICE_FAMILY = "1,2";
			};
			name = Release;
		};
		36F72E4B2AD8399F00841068 /* Debug */ = {
			isa = XCBuildConfiguration;
			buildSettings = {
				ALWAYS_EMBED_SWIFT_STANDARD_LIBRARIES = YES;
				BUNDLE_LOADER = "$(TEST_HOST)";
				CODE_SIGN_STYLE = Automatic;
				CURRENT_PROJECT_VERSION = 1;
				GENERATE_INFOPLIST_FILE = YES;
				IPHONEOS_DEPLOYMENT_TARGET = 17.0;
				MARKETING_VERSION = 1.0;
				PRODUCT_BUNDLE_IDENTIFIER = com.selsabil.diceTests;
				PRODUCT_NAME = "$(TARGET_NAME)";
				SWIFT_EMIT_LOC_STRINGS = NO;
				SWIFT_VERSION = 5.0;
				TARGETED_DEVICE_FAMILY = "1,2";
				TEST_HOST = "$(BUILT_PRODUCTS_DIR)/dice.app/$(BUNDLE_EXECUTABLE_FOLDER_PATH)/dice";
			};
			name = Debug;
		};
		36F72E4C2AD8399F00841068 /* Release */ = {
			isa = XCBuildConfiguration;
			buildSettings = {
				ALWAYS_EMBED_SWIFT_STANDARD_LIBRARIES = YES;
				BUNDLE_LOADER = "$(TEST_HOST)";
				CODE_SIGN_STYLE = Automatic;
				CURRENT_PROJECT_VERSION = 1;
				GENERATE_INFOPLIST_FILE = YES;
				IPHONEOS_DEPLOYMENT_TARGET = 17.0;
				MARKETING_VERSION = 1.0;
				PRODUCT_BUNDLE_IDENTIFIER = com.selsabil.diceTests;
				PRODUCT_NAME = "$(TARGET_NAME)";
				SWIFT_EMIT_LOC_STRINGS = NO;
				SWIFT_VERSION = 5.0;
				TARGETED_DEVICE_FAMILY = "1,2";
				TEST_HOST = "$(BUILT_PRODUCTS_DIR)/dice.app/$(BUNDLE_EXECUTABLE_FOLDER_PATH)/dice";
			};
			name = Release;
		};
		36F72E4E2AD8399F00841068 /* Debug */ = {
			isa = XCBuildConfiguration;
			buildSettings = {
				ALWAYS_EMBED_SWIFT_STANDARD_LIBRARIES = YES;
				CODE_SIGN_STYLE = Automatic;
				CURRENT_PROJECT_VERSION = 1;
				GENERATE_INFOPLIST_FILE = YES;
				MARKETING_VERSION = 1.0;
				PRODUCT_BUNDLE_IDENTIFIER = com.selsabil.diceUITests;
				PRODUCT_NAME = "$(TARGET_NAME)";
				SWIFT_EMIT_LOC_STRINGS = NO;
				SWIFT_VERSION = 5.0;
				TARGETED_DEVICE_FAMILY = "1,2";
				TEST_TARGET_NAME = dice;
			};
			name = Debug;
		};
		36F72E4F2AD8399F00841068 /* Release */ = {
			isa = XCBuildConfiguration;
			buildSettings = {
				ALWAYS_EMBED_SWIFT_STANDARD_LIBRARIES = YES;
				CODE_SIGN_STYLE = Automatic;
				CURRENT_PROJECT_VERSION = 1;
				GENERATE_INFOPLIST_FILE = YES;
				MARKETING_VERSION = 1.0;
				PRODUCT_BUNDLE_IDENTIFIER = com.selsabil.diceUITests;
				PRODUCT_NAME = "$(TARGET_NAME)";
				SWIFT_EMIT_LOC_STRINGS = NO;
				SWIFT_VERSION = 5.0;
				TARGETED_DEVICE_FAMILY = "1,2";
				TEST_TARGET_NAME = dice;
			};
			name = Release;
		};
/* End XCBuildConfiguration section */

/* Begin XCConfigurationList section */
		36F72E182AD8399800841068 /* Build configuration list for PBXProject "dice" */ = {
			isa = XCConfigurationList;
			buildConfigurations = (
				36F72E452AD8399F00841068 /* Debug */,
				36F72E462AD8399F00841068 /* Release */,
			);
			defaultConfigurationIsVisible = 0;
			defaultConfigurationName = Release;
		};
		36F72E472AD8399F00841068 /* Build configuration list for PBXNativeTarget "dice" */ = {
			isa = XCConfigurationList;
			buildConfigurations = (
				36F72E482AD8399F00841068 /* Debug */,
				36F72E492AD8399F00841068 /* Release */,
			);
			defaultConfigurationIsVisible = 0;
			defaultConfigurationName = Release;
		};
		36F72E4A2AD8399F00841068 /* Build configuration list for PBXNativeTarget "diceTests" */ = {
			isa = XCConfigurationList;
			buildConfigurations = (
				36F72E4B2AD8399F00841068 /* Debug */,
				36F72E4C2AD8399F00841068 /* Release */,
			);
			defaultConfigurationIsVisible = 0;
			defaultConfigurationName = Release;
		};
		36F72E4D2AD8399F00841068 /* Build configuration list for PBXNativeTarget "diceUITests" */ = {
			isa = XCConfigurationList;
			buildConfigurations = (
				36F72E4E2AD8399F00841068 /* Debug */,
				36F72E4F2AD8399F00841068 /* Release */,
			);
			defaultConfigurationIsVisible = 0;
			defaultConfigurationName = Release;
		};
/* End XCConfigurationList section */
	};
	rootObject = 36F72E152AD8399800841068 /* Project object */;
}
